
Microsoft Visual Studio Solution File, Format Version 12.00
# Visual Studio 2013
VisualStudioVersion = 12.0.21005.1
MinimumVisualStudioVersion = 10.0.40219.1
Project("{FAE04EC0-301F-11D3-BF4B-00C04F79EFBC}") = "RestClient", "RestClient\RestClient.csproj", "{C2F5D45F-E745-4B35-B91C-711928E772AA}"
EndProject
Project("{FAE04EC0-301F-11D3-BF4B-00C04F79EFBC}") = "RestConsoleClient", "RestConsoleClient\RestConsoleClient.csproj", "{446A9B64-3F00-4B46-B638-4FAFBC6453AC}"
EndProject
Project("{FAE04EC0-301F-11D3-BF4B-00C04F79EFBC}") = "RestUtil", "RestUtil\RestUtil.csproj", "{2DCDE15B-79C7-4E65-8506-F3BAB8D002C7}"
EndProject
Global
	GlobalSection(SolutionConfigurationPlatforms) = preSolution
		Debug|Any CPU = Debug|Any CPU
		Release|Any CPU = Release|Any CPU
	EndGlobalSection
	GlobalSection(ProjectConfigurationPlatforms) = postSolution
		{C2F5D45F-E745-4B35-B91C-711928E772AA}.Debug|Any CPU.ActiveCfg = Debug|Any CPU
		{C2F5D45F-E745-4B35-B91C-711928E772AA}.Debug|Any CPU.Build.0 = Debug|Any CPU
		{C2F5D45F-E745-4B35-B91C-711928E772AA}.Release|Any CPU.ActiveCfg = Release|Any CPU
		{C2F5D45F-E745-4B35-B91C-711928E772AA}.Release|Any CPU.Build.0 = Release|Any CPU
		{446A9B64-3F00-4B46-B638-4FAFBC6453AC}.Debug|Any CPU.ActiveCfg = Debug|Any CPU
		{446A9B64-3F00-4B46-B638-4FAFBC6453AC}.Debug|Any CPU.Build.0 = Debug|Any CPU
		{446A9B64-3F00-4B46-B638-4FAFBC6453AC}.Release|Any CPU.ActiveCfg = Release|Any CPU
		{446A9B64-3F00-4B46-B638-4FAFBC6453AC}.Release|Any CPU.Build.0 = Release|Any CPU
		{2DCDE15B-79C7-4E65-8506-F3BAB8D002C7}.Debug|Any CPU.ActiveCfg = Debug|Any CPU
		{2DCDE15B-79C7-4E65-8506-F3BAB8D002C7}.Debug|Any CPU.Build.0 = Debug|Any CPU
		{2DCDE15B-79C7-4E65-8506-F3BAB8D002C7}.Release|Any CPU.ActiveCfg = Release|Any CPU
		{2DCDE15B-79C7-4E65-8506-F3BAB8D002C7}.Release|Any CPU.Build.0 = Release|Any CPU
	EndGlobalSection
	GlobalSection(SolutionProperties) = preSolution
		HideSolutionNode = FALSE
	EndGlobalSection
EndGlobal
